
Microsoft Visual Studio Solution File, Format Version 12.00
# Visual Studio Version 17
VisualStudioVersion = 17.8.34330.188
MinimumVisualStudioVersion = 10.0.40219.1
Project("{9A19103F-16F7-4668-BE54-9A1E7A4F7556}") = "NoInsomnia", "NoInsomnia.csproj", "{049780E9-8D53-4A00-BF6B-6A648BC1B824}"
EndProject
Global
	GlobalSection(SolutionConfigurationPlatforms) = preSolution
		Debug|Any CPU = Debug|Any CPU
		Release|Any CPU = Release|Any CPU
	EndGlobalSection
	GlobalSection(ProjectConfigurationPlatforms) = postSolution
		{049780E9-8D53-4A00-BF6B-6A648BC1B824}.Debug|Any CPU.ActiveCfg = Debug|Any CPU
		{049780E9-8D53-4A00-BF6B-6A648BC1B824}.Debug|Any CPU.Build.0 = Debug|Any CPU
		{049780E9-8D53-4A00-BF6B-6A648BC1B824}.Release|Any CPU.ActiveCfg = Release|Any CPU
		{049780E9-8D53-4A00-BF6B-6A648BC1B824}.Release|Any CPU.Build.0 = Release|Any CPU
	EndGlobalSection
	GlobalSection(SolutionProperties) = preSolution
		HideSolutionNode = FALSE
	EndGlobalSection
	GlobalSection(ExtensibilityGlobals) = postSolution
		SolutionGuid = {E87F0BF5-7896-475B-838B-84275496488F}
	EndGlobalSection
EndGlobal
